
Microsoft Visual Studio Solution File, Format Version 12.00
# Visual Studio 15
VisualStudioVersion = 15.0.26430.6
MinimumVisualStudioVersion = 10.0.40219.1
Project("{FAE04EC0-301F-11D3-BF4B-00C04F79EFBC}") = "Buildman", "Buildman\Buildman.csproj", "{957D5169-4E13-467A-B756-1010E376D3DF}"
EndProject
Project("{FAE04EC0-301F-11D3-BF4B-00C04F79EFBC}") = "Buildman.Jenkins", "Buildman.Jenkins\Buildman.Jenkins.csproj", "{D76D3B5C-4DA3-4E16-A899-8646B43DDC6F}"
EndProject
Project("{FAE04EC0-301F-11D3-BF4B-00C04F79EFBC}") = "jenkins_client", "jenkins-client.net\src\jenkins_client\jenkins_client.csproj", "{8EC83433-C56D-4526-8C85-D7AFBBC643C3}"
EndProject
Global
	GlobalSection(SolutionConfigurationPlatforms) = preSolution
		Debug|Any CPU = Debug|Any CPU
		JenkinsCI|Any CPU = JenkinsCI|Any CPU
		Release|Any CPU = Release|Any CPU
	EndGlobalSection
	GlobalSection(ProjectConfigurationPlatforms) = postSolution
		{957D5169-4E13-467A-B756-1010E376D3DF}.Debug|Any CPU.ActiveCfg = Debug|Any CPU
		{957D5169-4E13-467A-B756-1010E376D3DF}.Debug|Any CPU.Build.0 = Debug|Any CPU
		{957D5169-4E13-467A-B756-1010E376D3DF}.JenkinsCI|Any CPU.ActiveCfg = Release|Any CPU
		{957D5169-4E13-467A-B756-1010E376D3DF}.JenkinsCI|Any CPU.Build.0 = Release|Any CPU
		{957D5169-4E13-467A-B756-1010E376D3DF}.Release|Any CPU.ActiveCfg = Release|Any CPU
		{957D5169-4E13-467A-B756-1010E376D3DF}.Release|Any CPU.Build.0 = Release|Any CPU
		{D76D3B5C-4DA3-4E16-A899-8646B43DDC6F}.Debug|Any CPU.ActiveCfg = Debug|Any CPU
		{D76D3B5C-4DA3-4E16-A899-8646B43DDC6F}.Debug|Any CPU.Build.0 = Debug|Any CPU
		{D76D3B5C-4DA3-4E16-A899-8646B43DDC6F}.JenkinsCI|Any CPU.ActiveCfg = Release|Any CPU
		{D76D3B5C-4DA3-4E16-A899-8646B43DDC6F}.JenkinsCI|Any CPU.Build.0 = Release|Any CPU
		{D76D3B5C-4DA3-4E16-A899-8646B43DDC6F}.Release|Any CPU.ActiveCfg = Release|Any CPU
		{D76D3B5C-4DA3-4E16-A899-8646B43DDC6F}.Release|Any CPU.Build.0 = Release|Any CPU
		{8EC83433-C56D-4526-8C85-D7AFBBC643C3}.Debug|Any CPU.ActiveCfg = Debug|Any CPU
		{8EC83433-C56D-4526-8C85-D7AFBBC643C3}.Debug|Any CPU.Build.0 = Debug|Any CPU
		{8EC83433-C56D-4526-8C85-D7AFBBC643C3}.JenkinsCI|Any CPU.ActiveCfg = JenkinsCI|Any CPU
		{8EC83433-C56D-4526-8C85-D7AFBBC643C3}.JenkinsCI|Any CPU.Build.0 = JenkinsCI|Any CPU
		{8EC83433-C56D-4526-8C85-D7AFBBC643C3}.Release|Any CPU.ActiveCfg = Release|Any CPU
		{8EC83433-C56D-4526-8C85-D7AFBBC643C3}.Release|Any CPU.Build.0 = Release|Any CPU
	EndGlobalSection
	GlobalSection(SolutionProperties) = preSolution
		HideSolutionNode = FALSE
	EndGlobalSection
EndGlobal
